
Microsoft Visual Studio Solution File, Format Version 12.00
# Visual Studio Version 16
VisualStudioVersion = 16.0.29728.190
MinimumVisualStudioVersion = 10.0.40219.1
Project("{FAE04EC0-301F-11D3-BF4B-00C04F79EFBC}") = "Pets.Web", "Pets.Web\Pets.Web.csproj", "{9E6F222A-CF09-4E78-9EC4-749B17C616FD}"
EndProject
Project("{FAE04EC0-301F-11D3-BF4B-00C04F79EFBC}") = "Pets.BL", "Pets.BL\Pets.BL.csproj", "{28EC12E2-3B4F-4A9D-B05A-E4C0DA300A88}"
EndProject
Project("{FAE04EC0-301F-11D3-BF4B-00C04F79EFBC}") = "Pets.UnitTests", "Pets.UnitTests\Pets.UnitTests.csproj", "{6D86C808-8412-4EAA-9836-A2E5C43A937C}"
EndProject
Global
	GlobalSection(SolutionConfigurationPlatforms) = preSolution
		Debug|Any CPU = Debug|Any CPU
		Release|Any CPU = Release|Any CPU
	EndGlobalSection
	GlobalSection(ProjectConfigurationPlatforms) = postSolution
		{9E6F222A-CF09-4E78-9EC4-749B17C616FD}.Debug|Any CPU.ActiveCfg = Debug|Any CPU
		{9E6F222A-CF09-4E78-9EC4-749B17C616FD}.Debug|Any CPU.Build.0 = Debug|Any CPU
		{9E6F222A-CF09-4E78-9EC4-749B17C616FD}.Release|Any CPU.ActiveCfg = Release|Any CPU
		{9E6F222A-CF09-4E78-9EC4-749B17C616FD}.Release|Any CPU.Build.0 = Release|Any CPU
		{28EC12E2-3B4F-4A9D-B05A-E4C0DA300A88}.Debug|Any CPU.ActiveCfg = Debug|Any CPU
		{28EC12E2-3B4F-4A9D-B05A-E4C0DA300A88}.Debug|Any CPU.Build.0 = Debug|Any CPU
		{28EC12E2-3B4F-4A9D-B05A-E4C0DA300A88}.Release|Any CPU.ActiveCfg = Release|Any CPU
		{28EC12E2-3B4F-4A9D-B05A-E4C0DA300A88}.Release|Any CPU.Build.0 = Release|Any CPU
		{6D86C808-8412-4EAA-9836-A2E5C43A937C}.Debug|Any CPU.ActiveCfg = Debug|Any CPU
		{6D86C808-8412-4EAA-9836-A2E5C43A937C}.Debug|Any CPU.Build.0 = Debug|Any CPU
		{6D86C808-8412-4EAA-9836-A2E5C43A937C}.Release|Any CPU.ActiveCfg = Release|Any CPU
		{6D86C808-8412-4EAA-9836-A2E5C43A937C}.Release|Any CPU.Build.0 = Release|Any CPU
	EndGlobalSection
	GlobalSection(SolutionProperties) = preSolution
		HideSolutionNode = FALSE
	EndGlobalSection
	GlobalSection(ExtensibilityGlobals) = postSolution
		SolutionGuid = {94AB9573-04EC-4F25-9CF7-C48CED093906}
	EndGlobalSection
EndGlobal
